
Microsoft Visual Studio Solution File, Format Version 11.00
# Visual Studio 2010
Project("{8BC9CEB8-8B4A-11D0-8D11-00A0C91BC942}") = "OpenCV_test", "OpenCV_test\OpenCV_test.vcxproj", "{8DFEB0FA-C230-410C-B268-7706EC0D2B6A}"
EndProject
Global
	GlobalSection(SolutionConfigurationPlatforms) = preSolution
		Debug|Win32 = Debug|Win32
		Release|Win32 = Release|Win32
	EndGlobalSection
	GlobalSection(ProjectConfigurationPlatforms) = postSolution
		{8DFEB0FA-C230-410C-B268-7706EC0D2B6A}.Debug|Win32.ActiveCfg = Debug|Win32
		{8DFEB0FA-C230-410C-B268-7706EC0D2B6A}.Debug|Win32.Build.0 = Debug|Win32
		{8DFEB0FA-C230-410C-B268-7706EC0D2B6A}.Release|Win32.ActiveCfg = Release|Win32
		{8DFEB0FA-C230-410C-B268-7706EC0D2B6A}.Release|Win32.Build.0 = Release|Win32
	EndGlobalSection
	GlobalSection(SolutionProperties) = preSolution
		HideSolutionNode = FALSE
	EndGlobalSection
EndGlobal
